
Microsoft Visual Studio Solution File, Format Version 12.00
# Visual Studio 15
VisualStudioVersion = 15.0.28307.1062
MinimumVisualStudioVersion = 15.0
Project("{FAE04EC0-301F-11D3-BF4B-00C04F79EFBC}") = "TcBlackCLI", "TcBlackCLI\TcBlackCLI.csproj", "{6E641F94-D4BE-4576-A2A1-AE02BC173716}"
EndProject
Project("{2150E333-8FDC-42A3-9474-1A3956D46DE8}") = "Solution Items", "Solution Items", "{7081C59B-F88D-4CA8-80B6-0E5502E47BD7}"
	ProjectSection(SolutionItems) = preProject
		..\CONTRIBUTING.md = ..\CONTRIBUTING.md
		..\README.md = ..\README.md
	EndProjectSection
EndProject
Project("{FAE04EC0-301F-11D3-BF4B-00C04F79EFBC}") = "TcBlackCLITests", "TcBlackCLITests\TcBlackCLITests.csproj", "{87DFDA93-482C-4C04-ABF1-50E23F24F85D}"
EndProject
Project("{FAE04EC0-301F-11D3-BF4B-00C04F79EFBC}") = "TcBlackCoreTests", "TcBlackCoreTests\TcBlackCoreTests.csproj", "{D86EFF5A-952E-42BD-AEB4-605F02ED336C}"
EndProject
Project("{FAE04EC0-301F-11D3-BF4B-00C04F79EFBC}") = "TcBlackCore", "TcBlackCore\TcBlackCore.csproj", "{434C7A68-C27F-4F46-977E-2F60441FEB64}"
EndProject
Project("{FAE04EC0-301F-11D3-BF4B-00C04F79EFBC}") = "TcBlack", "TcBlack\TcBlack.csproj", "{DE482F7D-9E9D-481C-A9B7-871D7ED05212}"
EndProject
Global
	GlobalSection(SolutionConfigurationPlatforms) = preSolution
		Debug|Any CPU = Debug|Any CPU
		Debug|TwinCAT CE7 (ARMV7) = Debug|TwinCAT CE7 (ARMV7)
		Debug|TwinCAT OS (ARMT2) = Debug|TwinCAT OS (ARMT2)
		Debug|TwinCAT RT (x64) = Debug|TwinCAT RT (x64)
		Debug|TwinCAT RT (x86) = Debug|TwinCAT RT (x86)
		Release|Any CPU = Release|Any CPU
		Release|TwinCAT CE7 (ARMV7) = Release|TwinCAT CE7 (ARMV7)
		Release|TwinCAT OS (ARMT2) = Release|TwinCAT OS (ARMT2)
		Release|TwinCAT RT (x64) = Release|TwinCAT RT (x64)
		Release|TwinCAT RT (x86) = Release|TwinCAT RT (x86)
	EndGlobalSection
	GlobalSection(ProjectConfigurationPlatforms) = postSolution
		{6E641F94-D4BE-4576-A2A1-AE02BC173716}.Debug|Any CPU.ActiveCfg = Debug|Any CPU
		{6E641F94-D4BE-4576-A2A1-AE02BC173716}.Debug|Any CPU.Build.0 = Debug|Any CPU
		{6E641F94-D4BE-4576-A2A1-AE02BC173716}.Debug|TwinCAT CE7 (ARMV7).ActiveCfg = Debug|Any CPU
		{6E641F94-D4BE-4576-A2A1-AE02BC173716}.Debug|TwinCAT CE7 (ARMV7).Build.0 = Debug|Any CPU
		{6E641F94-D4BE-4576-A2A1-AE02BC173716}.Debug|TwinCAT OS (ARMT2).ActiveCfg = Debug|Any CPU
		{6E641F94-D4BE-4576-A2A1-AE02BC173716}.Debug|TwinCAT OS (ARMT2).Build.0 = Debug|Any CPU
		{6E641F94-D4BE-4576-A2A1-AE02BC173716}.Debug|TwinCAT RT (x64).ActiveCfg = Debug|Any CPU
		{6E641F94-D4BE-4576-A2A1-AE02BC173716}.Debug|TwinCAT RT (x64).Build.0 = Debug|Any CPU
		{6E641F94-D4BE-4576-A2A1-AE02BC173716}.Debug|TwinCAT RT (x86).ActiveCfg = Debug|Any CPU
		{6E641F94-D4BE-4576-A2A1-AE02BC173716}.Debug|TwinCAT RT (x86).Build.0 = Debug|Any CPU
		{6E641F94-D4BE-4576-A2A1-AE02BC173716}.Release|Any CPU.ActiveCfg = Release|Any CPU
		{6E641F94-D4BE-4576-A2A1-AE02BC173716}.Release|Any CPU.Build.0 = Release|Any CPU
		{6E641F94-D4BE-4576-A2A1-AE02BC173716}.Release|TwinCAT CE7 (ARMV7).ActiveCfg = Release|Any CPU
		{6E641F94-D4BE-4576-A2A1-AE02BC173716}.Release|TwinCAT CE7 (ARMV7).Build.0 = Release|Any CPU
		{6E641F94-D4BE-4576-A2A1-AE02BC173716}.Release|TwinCAT OS (ARMT2).ActiveCfg = Release|Any CPU
		{6E641F94-D4BE-4576-A2A1-AE02BC173716}.Release|TwinCAT OS (ARMT2).Build.0 = Release|Any CPU
		{6E641F94-D4BE-4576-A2A1-AE02BC173716}.Release|TwinCAT RT (x64).ActiveCfg = Release|Any CPU
		{6E641F94-D4BE-4576-A2A1-AE02BC173716}.Release|TwinCAT RT (x64).Build.0 = Release|Any CPU
		{6E641F94-D4BE-4576-A2A1-AE02BC173716}.Release|TwinCAT RT (x86).ActiveCfg = Release|Any CPU
		{6E641F94-D4BE-4576-A2A1-AE02BC173716}.Release|TwinCAT RT (x86).Build.0 = Release|Any CPU
		{87DFDA93-482C-4C04-ABF1-50E23F24F85D}.Debug|Any CPU.ActiveCfg = Debug|Any CPU
		{87DFDA93-482C-4C04-ABF1-50E23F24F85D}.Debug|Any CPU.Build.0 = Debug|Any CPU
		{87DFDA93-482C-4C04-ABF1-50E23F24F85D}.Debug|TwinCAT CE7 (ARMV7).ActiveCfg = Debug|Any CPU
		{87DFDA93-482C-4C04-ABF1-50E23F24F85D}.Debug|TwinCAT CE7 (ARMV7).Build.0 = Debug|Any CPU
		{87DFDA93-482C-4C04-ABF1-50E23F24F85D}.Debug|TwinCAT OS (ARMT2).ActiveCfg = Debug|Any CPU
		{87DFDA93-482C-4C04-ABF1-50E23F24F85D}.Debug|TwinCAT OS (ARMT2).Build.0 = Debug|Any CPU
		{87DFDA93-482C-4C04-ABF1-50E23F24F85D}.Debug|TwinCAT RT (x64).ActiveCfg = Debug|Any CPU
		{87DFDA93-482C-4C04-ABF1-50E23F24F85D}.Debug|TwinCAT RT (x64).Build.0 = Debug|Any CPU
		{87DFDA93-482C-4C04-ABF1-50E23F24F85D}.Debug|TwinCAT RT (x86).ActiveCfg = Debug|Any CPU
		{87DFDA93-482C-4C04-ABF1-50E23F24F85D}.Debug|TwinCAT RT (x86).Build.0 = Debug|Any CPU
		{87DFDA93-482C-4C04-ABF1-50E23F24F85D}.Release|Any CPU.ActiveCfg = Release|Any CPU
		{87DFDA93-482C-4C04-ABF1-50E23F24F85D}.Release|Any CPU.Build.0 = Release|Any CPU
		{87DFDA93-482C-4C04-ABF1-50E23F24F85D}.Release|TwinCAT CE7 (ARMV7).ActiveCfg = Release|Any CPU
		{87DFDA93-482C-4C04-ABF1-50E23F24F85D}.Release|TwinCAT CE7 (ARMV7).Build.0 = Release|Any CPU
		{87DFDA93-482C-4C04-ABF1-50E23F24F85D}.Release|TwinCAT OS (ARMT2).ActiveCfg = Release|Any CPU
		{87DFDA93-482C-4C04-ABF1-50E23F24F85D}.Release|TwinCAT OS (ARMT2).Build.0 = Release|Any CPU
		{87DFDA93-482C-4C04-ABF1-50E23F24F85D}.Release|TwinCAT RT (x64).ActiveCfg = Release|Any CPU
		{87DFDA93-482C-4C04-ABF1-50E23F24F85D}.Release|TwinCAT RT (x64).Build.0 = Release|Any CPU
		{87DFDA93-482C-4C04-ABF1-50E23F24F85D}.Release|TwinCAT RT (x86).ActiveCfg = Release|Any CPU
		{87DFDA93-482C-4C04-ABF1-50E23F24F85D}.Release|TwinCAT RT (x86).Build.0 = Release|Any CPU
		{D86EFF5A-952E-42BD-AEB4-605F02ED336C}.Debug|Any CPU.ActiveCfg = Debug|Any CPU
		{D86EFF5A-952E-42BD-AEB4-605F02ED336C}.Debug|Any CPU.Build.0 = Debug|Any CPU
		{D86EFF5A-952E-42BD-AEB4-605F02ED336C}.Debug|TwinCAT CE7 (ARMV7).ActiveCfg = Debug|Any CPU
		{D86EFF5A-952E-42BD-AEB4-605F02ED336C}.Debug|TwinCAT CE7 (ARMV7).Build.0 = Debug|Any CPU
		{D86EFF5A-952E-42BD-AEB4-605F02ED336C}.Debug|TwinCAT OS (ARMT2).ActiveCfg = Debug|Any CPU
		{D86EFF5A-952E-42BD-AEB4-605F02ED336C}.Debug|TwinCAT OS (ARMT2).Build.0 = Debug|Any CPU
		{D86EFF5A-952E-42BD-AEB4-605F02ED336C}.Debug|TwinCAT RT (x64).ActiveCfg = Debug|Any CPU
		{D86EFF5A-952E-42BD-AEB4-605F02ED336C}.Debug|TwinCAT RT (x64).Build.0 = Debug|Any CPU
		{D86EFF5A-952E-42BD-AEB4-605F02ED336C}.Debug|TwinCAT RT (x86).ActiveCfg = Debug|Any CPU
		{D86EFF5A-952E-42BD-AEB4-605F02ED336C}.Debug|TwinCAT RT (x86).Build.0 = Debug|Any CPU
		{D86EFF5A-952E-42BD-AEB4-605F02ED336C}.Release|Any CPU.ActiveCfg = Release|Any CPU
		{D86EFF5A-952E-42BD-AEB4-605F02ED336C}.Release|Any CPU.Build.0 = Release|Any CPU
		{D86EFF5A-952E-42BD-AEB4-605F02ED336C}.Release|TwinCAT CE7 (ARMV7).ActiveCfg = Release|Any CPU
		{D86EFF5A-952E-42BD-AEB4-605F02ED336C}.Release|TwinCAT CE7 (ARMV7).Build.0 = Release|Any CPU
		{D86EFF5A-952E-42BD-AEB4-605F02ED336C}.Release|TwinCAT OS (ARMT2).ActiveCfg = Release|Any CPU
		{D86EFF5A-952E-42BD-AEB4-605F02ED336C}.Release|TwinCAT OS (ARMT2).Build.0 = Release|Any CPU
		{D86EFF5A-952E-42BD-AEB4-605F02ED336C}.Release|TwinCAT RT (x64).ActiveCfg = Release|Any CPU
		{D86EFF5A-952E-42BD-AEB4-605F02ED336C}.Release|TwinCAT RT (x64).Build.0 = Release|Any CPU
		{D86EFF5A-952E-42BD-AEB4-605F02ED336C}.Release|TwinCAT RT (x86).ActiveCfg = Release|Any CPU
		{D86EFF5A-952E-42BD-AEB4-605F02ED336C}.Release|TwinCAT RT (x86).Build.0 = Release|Any CPU
		{434C7A68-C27F-4F46-977E-2F60441FEB64}.Debug|Any CPU.ActiveCfg = Debug|Any CPU
		{434C7A68-C27F-4F46-977E-2F60441FEB64}.Debug|Any CPU.Build.0 = Debug|Any CPU
		{434C7A68-C27F-4F46-977E-2F60441FEB64}.Debug|TwinCAT CE7 (ARMV7).ActiveCfg = Debug|Any CPU
		{434C7A68-C27F-4F46-977E-2F60441FEB64}.Debug|TwinCAT CE7 (ARMV7).Build.0 = Debug|Any CPU
		{434C7A68-C27F-4F46-977E-2F60441FEB64}.Debug|TwinCAT OS (ARMT2).ActiveCfg = Debug|Any CPU
		{434C7A68-C27F-4F46-977E-2F60441FEB64}.Debug|TwinCAT OS (ARMT2).Build.0 = Debug|Any CPU
		{434C7A68-C27F-4F46-977E-2F60441FEB64}.Debug|TwinCAT RT (x64).ActiveCfg = Debug|Any CPU
		{434C7A68-C27F-4F46-977E-2F60441FEB64}.Debug|TwinCAT RT (x64).Build.0 = Debug|Any CPU
		{434C7A68-C27F-4F46-977E-2F60441FEB64}.Debug|TwinCAT RT (x86).ActiveCfg = Debug|Any CPU
		{434C7A68-C27F-4F46-977E-2F60441FEB64}.Debug|TwinCAT RT (x86).Build.0 = Debug|Any CPU
		{434C7A68-C27F-4F46-977E-2F60441FEB64}.Release|Any CPU.ActiveCfg = Release|Any CPU
		{434C7A68-C27F-4F46-977E-2F60441FEB64}.Release|Any CPU.Build.0 = Release|Any CPU
		{434C7A68-C27F-4F46-977E-2F60441FEB64}.Release|TwinCAT CE7 (ARMV7).ActiveCfg = Release|Any CPU
		{434C7A68-C27F-4F46-977E-2F60441FEB64}.Release|TwinCAT CE7 (ARMV7).Build.0 = Release|Any CPU
		{434C7A68-C27F-4F46-977E-2F60441FEB64}.Release|TwinCAT OS (ARMT2).ActiveCfg = Release|Any CPU
		{434C7A68-C27F-4F46-977E-2F60441FEB64}.Release|TwinCAT OS (ARMT2).Build.0 = Release|Any CPU
		{434C7A68-C27F-4F46-977E-2F60441FEB64}.Release|TwinCAT RT (x64).ActiveCfg = Release|Any CPU
		{434C7A68-C27F-4F46-977E-2F60441FEB64}.Release|TwinCAT RT (x64).Build.0 = Release|Any CPU
		{434C7A68-C27F-4F46-977E-2F60441FEB64}.Release|TwinCAT RT (x86).ActiveCfg = Release|Any CPU
		{434C7A68-C27F-4F46-977E-2F60441FEB64}.Release|TwinCAT RT (x86).Build.0 = Release|Any CPU
		{DE482F7D-9E9D-481C-A9B7-871D7ED05212}.Debug|Any CPU.ActiveCfg = Debug|Any CPU
		{DE482F7D-9E9D-481C-A9B7-871D7ED05212}.Debug|Any CPU.Build.0 = Debug|Any CPU
		{DE482F7D-9E9D-481C-A9B7-871D7ED05212}.Debug|TwinCAT CE7 (ARMV7).ActiveCfg = Debug|Any CPU
		{DE482F7D-9E9D-481C-A9B7-871D7ED05212}.Debug|TwinCAT CE7 (ARMV7).Build.0 = Debug|Any CPU
		{DE482F7D-9E9D-481C-A9B7-871D7ED05212}.Debug|TwinCAT OS (ARMT2).ActiveCfg = Debug|Any CPU
		{DE482F7D-9E9D-481C-A9B7-871D7ED05212}.Debug|TwinCAT OS (ARMT2).Build.0 = Debug|Any CPU
		{DE482F7D-9E9D-481C-A9B7-871D7ED05212}.Debug|TwinCAT RT (x64).ActiveCfg = Debug|Any CPU
		{DE482F7D-9E9D-481C-A9B7-871D7ED05212}.Debug|TwinCAT RT (x64).Build.0 = Debug|Any CPU
		{DE482F7D-9E9D-481C-A9B7-871D7ED05212}.Debug|TwinCAT RT (x86).ActiveCfg = Debug|Any CPU
		{DE482F7D-9E9D-481C-A9B7-871D7ED05212}.Debug|TwinCAT RT (x86).Build.0 = Debug|Any CPU
		{DE482F7D-9E9D-481C-A9B7-871D7ED05212}.Release|Any CPU.ActiveCfg = Release|Any CPU
		{DE482F7D-9E9D-481C-A9B7-871D7ED05212}.Release|Any CPU.Build.0 = Release|Any CPU
		{DE482F7D-9E9D-481C-A9B7-871D7ED05212}.Release|TwinCAT CE7 (ARMV7).ActiveCfg = Release|Any CPU
		{DE482F7D-9E9D-481C-A9B7-871D7ED05212}.Release|TwinCAT CE7 (ARMV7).Build.0 = Release|Any CPU
		{DE482F7D-9E9D-481C-A9B7-871D7ED05212}.Release|TwinCAT OS (ARMT2).ActiveCfg = Release|Any CPU
		{DE482F7D-9E9D-481C-A9B7-871D7ED05212}.Release|TwinCAT OS (ARMT2).Build.0 = Release|Any CPU
		{DE482F7D-9E9D-481C-A9B7-871D7ED05212}.Release|TwinCAT RT (x64).ActiveCfg = Release|Any CPU
		{DE482F7D-9E9D-481C-A9B7-871D7ED05212}.Release|TwinCAT RT (x64).Build.0 = Release|Any CPU
		{DE482F7D-9E9D-481C-A9B7-871D7ED05212}.Release|TwinCAT RT (x86).ActiveCfg = Release|Any CPU
		{DE482F7D-9E9D-481C-A9B7-871D7ED05212}.Release|TwinCAT RT (x86).Build.0 = Release|Any CPU
	EndGlobalSection
	GlobalSection(SolutionProperties) = preSolution
		HideSolutionNode = FALSE
	EndGlobalSection
	GlobalSection(ExtensibilityGlobals) = postSolution
		SolutionGuid = {2E0C47CF-ADF2-4208-BCE1-1B0AFF059EB5}
	EndGlobalSection
EndGlobal
